
Microsoft Visual Studio Solution File, Format Version 12.00
# Visual Studio Version 17
VisualStudioVersion = 17.10.35013.160
MinimumVisualStudioVersion = 10.0.40219.1
Project("{FAE04EC0-301F-11D3-BF4B-00C04F79EFBC}") = "WizClicker", "WizClicker.csproj", "{14EF6607-C5D9-443C-AAB9-06A45625030E}"
EndProject
Global
	GlobalSection(SolutionConfigurationPlatforms) = preSolution
		Debug|Any CPU = Debug|Any CPU
		Release|Any CPU = Release|Any CPU
	EndGlobalSection
	GlobalSection(ProjectConfigurationPlatforms) = postSolution
		{14EF6607-C5D9-443C-AAB9-06A45625030E}.Debug|Any CPU.ActiveCfg = Debug|Any CPU
		{14EF6607-C5D9-443C-AAB9-06A45625030E}.Debug|Any CPU.Build.0 = Debug|Any CPU
		{14EF6607-C5D9-443C-AAB9-06A45625030E}.Release|Any CPU.ActiveCfg = Release|Any CPU
		{14EF6607-C5D9-443C-AAB9-06A45625030E}.Release|Any CPU.Build.0 = Release|Any CPU
	EndGlobalSection
	GlobalSection(SolutionProperties) = preSolution
		HideSolutionNode = FALSE
	EndGlobalSection
	GlobalSection(ExtensibilityGlobals) = postSolution
		SolutionGuid = {696B10D6-AF29-4A3E-8DC4-3597FEA4BD33}
	EndGlobalSection
EndGlobal
